<Solution>
  <Project Path="punto1/punto1.csproj" Id="617e8801-dac4-46e3-9579-81e919410084" />
  <Project Path="punto2/punto2.csproj" Id="4bc0b3ae-31fa-4aff-b6bd-691659fa7f26" />
  <Project Path="punto3/punto3.csproj" Id="b1b868d5-c473-4177-a471-307b980daac3" />
  <Project Path="punto4/punto4.csproj" Id="810a1c08-468c-415e-891c-76d29ed2c744" />
</Solution>
