<Solution>
  <Project Path="punto 1/punto 1.csproj" Id="2a5da68e-dbc9-479f-97ab-94381ad8447e" />
  <Project Path="punto 2/punto 2.csproj" Id="4102d2f0-2a38-4f82-a09f-ad62459bb9d2" />
  <Project Path="punto 3/punto 3.csproj" Id="38f86453-2bb2-4fb4-816c-218620777e89" />
  <Project Path="punto 4/punto 4.csproj" Id="eacce328-4d7f-4ff9-9c81-8ef21eeca559" />
  <Project Path="punto4/punto4.csproj" Id="53f181b2-1ae6-4010-823c-08efd74653e0" />
</Solution>
