<Solution>
  <Project Path="punto1/punto1.csproj" Id="32737c7d-031c-4f7b-8690-84a53a3591f4" />
  <Project Path="punto2/punto2.csproj" Id="67958ba5-c1ec-4407-9025-89d28157367d" />
  <Project Path="punto3/punto3.csproj" Id="30b77ba4-1394-4450-8e27-37ddb61c85f6" />
  <Project Path="punto4/punto4.csproj" Id="0f09b734-b32b-4be2-b897-8e115f876954" />
</Solution>
