<Solution>
  <Project Path="punto 1/punto 1.csproj" Id="8965741e-f8cd-433d-b776-6742342dc60e" />
  <Project Path="punto 3/punto 3.csproj" Id="dd2a3056-42e8-4ab3-b9fa-7f6deaf422c7" />
  <Project Path="punto 4/punto 4.csproj" Id="e68bb33a-30ec-491d-ac97-58d2e9d12a7a" />
  <Project Path="puntoo2/puntoo2.csproj" Id="f6d0c12a-5396-414f-abd3-6282e9554673" />
</Solution>
