<Solution>
  <Project Path="punto1/punto1.csproj" Id="6e42c7f3-02d3-48c8-96b6-ca690238bac5" />
  <Project Path="punto2/punto2.csproj" Id="874bce58-a823-47b9-baae-1e144bbc23fa" />
  <Project Path="punto3/punto3.csproj" Id="f936a667-2e82-4baa-8184-48068c45e756" />
  <Project Path="punto4/punto4.csproj" Id="53c08df3-f20f-4390-ad94-63d1d1d87607" />
</Solution>
